// !$*UTF8*$!
{
	archiveVersion = 1;
	classes = {
	};
	objectVersion = 45;
	objects = {

/* Begin PBXBuildFile section */
		1D60589B0D05DD56006BFB54 /* main.m in Sources */ = {isa = PBXBuildFile; fileRef = 29B97316FDCFA39411CA2CEA /* main.m */; };
		1D60589F0D05DD5A006BFB54 /* Foundation.framework in Frameworks */ = {isa = PBXBuildFile; fileRef = 1D30AB110D05D00D00671497 /* Foundation.framework */; };
		1DF5F4E00D08C38300B7A737 /* UIKit.framework in Frameworks */ = {isa = PBXBuildFile; fileRef = 1DF5F4DF0D08C38300B7A737 /* UIKit.framework */; };
		288765FD0DF74451002DB57D /* CoreGraphics.framework in Frameworks */ = {isa = PBXBuildFile; fileRef = 288765FC0DF74451002DB57D /* CoreGraphics.framework */; };
		28AD733F0D9D9553002E5188 /* MainWindow.xib in Resources */ = {isa = PBXBuildFile; fileRef = 28AD733E0D9D9553002E5188 /* MainWindow.xib */; };
		3EA9324F106497D300E96425 /* ShelfTest.m in Sources */ = {isa = PBXBuildFile; fileRef = 3EA9324E106497D300E96425 /* ShelfTest.m */; };
		3EA932571064989200E96425 /* DataModelTest.m in Sources */ = {isa = PBXBuildFile; fileRef = 3EA932561064989200E96425 /* DataModelTest.m */; };
		3EA99DC510648EFB003C7F18 /* BackupServer.m in Sources */ = {isa = PBXBuildFile; fileRef = 3EA99DB810648EFB003C7F18 /* BackupServer.m */; };
		3EA99DC710648EFB003C7F18 /* Common.m in Sources */ = {isa = PBXBuildFile; fileRef = 3EA99DBC10648EFB003C7F18 /* Common.m */; };
		3EA99DC810648EFB003C7F18 /* Edition.m in Sources */ = {isa = PBXBuildFile; fileRef = 3EA99DBE10648EFB003C7F18 /* Edition.m */; };
		3EA99DC910648EFB003C7F18 /* HttpClient.m in Sources */ = {isa = PBXBuildFile; fileRef = 3EA99DC010648EFB003C7F18 /* HttpClient.m */; };
		3EA99DCA10648EFB003C7F18 /* TmiWebServer.m in Sources */ = {isa = PBXBuildFile; fileRef = 3EA99DC210648EFB003C7F18 /* TmiWebServer.m */; };
		3EA99DCB10648EFB003C7F18 /* URLComponent.m in Sources */ = {isa = PBXBuildFile; fileRef = 3EA99DC410648EFB003C7F18 /* URLComponent.m */; };
		3EA99DE010648F57003C7F18 /* Database.m in Sources */ = {isa = PBXBuildFile; fileRef = 3EA99DD210648F57003C7F18 /* Database.m */; };
		3EA99DE110648F57003C7F18 /* DataModel.m in Sources */ = {isa = PBXBuildFile; fileRef = 3EA99DD410648F57003C7F18 /* DataModel.m */; };
		3EA99DE210648F57003C7F18 /* DateFormatter2.m in Sources */ = {isa = PBXBuildFile; fileRef = 3EA99DD610648F57003C7F18 /* DateFormatter2.m */; };
		3EA99DE310648F57003C7F18 /* Item.m in Sources */ = {isa = PBXBuildFile; fileRef = 3EA99DD810648F57003C7F18 /* Item.m */; };
		3EA99DE410648F57003C7F18 /* ItemListModel.m in Sources */ = {isa = PBXBuildFile; fileRef = 3EA99DDA10648F57003C7F18 /* ItemListModel.m */; };
		3EA99DE510648F57003C7F18 /* Shelf.m in Sources */ = {isa = PBXBuildFile; fileRef = 3EA99DDC10648F57003C7F18 /* Shelf.m */; };
		3EA99DE610648F57003C7F18 /* SmartShelf.m in Sources */ = {isa = PBXBuildFile; fileRef = 3EA99DDD10648F57003C7F18 /* SmartShelf.m */; };
		3EA99DE710648F57003C7F18 /* StringArray.m in Sources */ = {isa = PBXBuildFile; fileRef = 3EA99DDF10648F57003C7F18 /* StringArray.m */; };
		3EA99DED10648F8F003C7F18 /* libsqlite3.dylib in Frameworks */ = {isa = PBXBuildFile; fileRef = 3EA99DEC10648F8F003C7F18 /* libsqlite3.dylib */; };
		3EA99DFC10648FAE003C7F18 /* AmazonApi.m in Sources */ = {isa = PBXBuildFile; fileRef = 3EA99DF110648FAE003C7F18 /* AmazonApi.m */; };
		3EA99DFD10648FAE003C7F18 /* dom.m in Sources */ = {isa = PBXBuildFile; fileRef = 3EA99DF310648FAE003C7F18 /* dom.m */; };
		3EA99DFE10648FAE003C7F18 /* KakakuCom.m in Sources */ = {isa = PBXBuildFile; fileRef = 3EA99DF510648FAE003C7F18 /* KakakuCom.m */; };
		3EA99DFF10648FAE003C7F18 /* RakutenApi.m in Sources */ = {isa = PBXBuildFile; fileRef = 3EA99DF710648FAE003C7F18 /* RakutenApi.m */; };
		3EA99E0010648FAE003C7F18 /* WebApi.m in Sources */ = {isa = PBXBuildFile; fileRef = 3EA99DF910648FAE003C7F18 /* WebApi.m */; };
		3EA99E0110648FAE003C7F18 /* Yahoo.m in Sources */ = {isa = PBXBuildFile; fileRef = 3EA99DFB10648FAE003C7F18 /* Yahoo.m */; };
		3EA99E0E1064904F003C7F18 /* ItemTest.m in Sources */ = {isa = PBXBuildFile; fileRef = 3EA99E0C1064904F003C7F18 /* ItemTest.m */; };
		3EA99E0F1064904F003C7F18 /* TestUtility.m in Sources */ = {isa = PBXBuildFile; fileRef = 3EA99E0D1064904F003C7F18 /* TestUtility.m */; };
		3EA99E4C10649418003C7F18 /* AppDelegate.m in Sources */ = {isa = PBXBuildFile; fileRef = 3EA99E4B10649418003C7F18 /* AppDelegate.m */; };
		3EA99E7A10649480003C7F18 /* AboutViewController.m in Sources */ = {isa = PBXBuildFile; fileRef = 3EA99E5010649480003C7F18 /* AboutViewController.m */; };
		3EA99E7B10649480003C7F18 /* AdCell.m in Sources */ = {isa = PBXBuildFile; fileRef = 3EA99E5210649480003C7F18 /* AdCell.m */; };
		3EA99E7C10649480003C7F18 /* BarcodeScannerController.m in Sources */ = {isa = PBXBuildFile; fileRef = 3EA99E5410649480003C7F18 /* BarcodeScannerController.m */; };
		3EA99E7D10649480003C7F18 /* ConfigViewController.m in Sources */ = {isa = PBXBuildFile; fileRef = 3EA99E5610649480003C7F18 /* ConfigViewController.m */; };
		3EA99E7E10649480003C7F18 /* EditMemoVC.m in Sources */ = {isa = PBXBuildFile; fileRef = 3EA99E5810649480003C7F18 /* EditMemoVC.m */; };
		3EA99E7F10649480003C7F18 /* EditShelfViewController.m in Sources */ = {isa = PBXBuildFile; fileRef = 3EA99E5A10649480003C7F18 /* EditShelfViewController.m */; };
		3EA99E8110649480003C7F18 /* EditStarViewController.m in Sources */ = {isa = PBXBuildFile; fileRef = 3EA99E5D10649480003C7F18 /* EditStarViewController.m */; };
		3EA99E8210649480003C7F18 /* EditTagsViewController.m in Sources */ = {isa = PBXBuildFile; fileRef = 3EA99E5F10649480003C7F18 /* EditTagsViewController.m */; };
		3EA99E8310649480003C7F18 /* GenEditTextViewController.m in Sources */ = {isa = PBXBuildFile; fileRef = 3EA99E6110649480003C7F18 /* GenEditTextViewController.m */; };
		3EA99E8410649480003C7F18 /* GenSelectListViewController.m in Sources */ = {isa = PBXBuildFile; fileRef = 3EA99E6310649480003C7F18 /* GenSelectListViewController.m */; };
		3EA99E8510649480003C7F18 /* ItemCell.m in Sources */ = {isa = PBXBuildFile; fileRef = 3EA99E6510649480003C7F18 /* ItemCell.m */; };
		3EA99E8610649480003C7F18 /* ItemCell4.m in Sources */ = {isa = PBXBuildFile; fileRef = 3EA99E6710649480003C7F18 /* ItemCell4.m */; };
		3EA99E8710649480003C7F18 /* ItemListViewController.m in Sources */ = {isa = PBXBuildFile; fileRef = 3EA99E6910649480003C7F18 /* ItemListViewController.m */; };
		3EA99E8810649480003C7F18 /* ItemViewController.m in Sources */ = {isa = PBXBuildFile; fileRef = 3EA99E6B10649480003C7F18 /* ItemViewController.m */; };
		3EA99E8910649480003C7F18 /* KeywordViewController2.m in Sources */ = {isa = PBXBuildFile; fileRef = 3EA99E6D10649480003C7F18 /* KeywordViewController2.m */; };
		3EA99E8A10649480003C7F18 /* NumPadViewController.m in Sources */ = {isa = PBXBuildFile; fileRef = 3EA99E6F10649480003C7F18 /* NumPadViewController.m */; };
		3EA99E8B10649480003C7F18 /* ScanViewController.m in Sources */ = {isa = PBXBuildFile; fileRef = 3EA99E7110649480003C7F18 /* ScanViewController.m */; };
		3EA99E8C10649480003C7F18 /* SearchController.m in Sources */ = {isa = PBXBuildFile; fileRef = 3EA99E7310649480003C7F18 /* SearchController.m */; };
		3EA99E8D10649480003C7F18 /* ShelfListViewController.m in Sources */ = {isa = PBXBuildFile; fileRef = 3EA99E7510649480003C7F18 /* ShelfListViewController.m */; };
		3EA99E8E10649480003C7F18 /* StarCell.m in Sources */ = {isa = PBXBuildFile; fileRef = 3EA99E7710649480003C7F18 /* StarCell.m */; };
		3EA99E8F10649480003C7F18 /* WebViewController.m in Sources */ = {isa = PBXBuildFile; fileRef = 3EA99E7910649480003C7F18 /* WebViewController.m */; };
		3EA99E9410649499003C7F18 /* BarcodeReader.m in Sources */ = {isa = PBXBuildFile; fileRef = 3EA99E9310649499003C7F18 /* BarcodeReader.m */; };
		3EA99F37106495B6003C7F18 /* config.c in Sources */ = {isa = PBXBuildFile; fileRef = 3EA99F11106495B6003C7F18 /* config.c */; };
		3EA99F38106495B6003C7F18 /* convert.c in Sources */ = {isa = PBXBuildFile; fileRef = 3EA99F12106495B6003C7F18 /* convert.c */; };
		3EA99F39106495B6003C7F18 /* code128.c in Sources */ = {isa = PBXBuildFile; fileRef = 3EA99F15106495B6003C7F18 /* code128.c */; };
		3EA99F3A106495B6003C7F18 /* code39.c in Sources */ = {isa = PBXBuildFile; fileRef = 3EA99F17106495B6003C7F18 /* code39.c */; };
		3EA99F3B106495B6003C7F18 /* ean.c in Sources */ = {isa = PBXBuildFile; fileRef = 3EA99F19106495B6003C7F18 /* ean.c */; };
		3EA99F3C106495B6003C7F18 /* i25.c in Sources */ = {isa = PBXBuildFile; fileRef = 3EA99F1B106495B6003C7F18 /* i25.c */; };
		3EA99F3D106495B6003C7F18 /* decoder.c in Sources */ = {isa = PBXBuildFile; fileRef = 3EA99F1D106495B6003C7F18 /* decoder.c */; };
		3EA99F3E106495B6003C7F18 /* error.c in Sources */ = {isa = PBXBuildFile; fileRef = 3EA99F1F106495B6003C7F18 /* error.c */; };
		3EA99F3F106495B6003C7F18 /* image.c in Sources */ = {isa = PBXBuildFile; fileRef = 3EA99F21106495B6003C7F18 /* image.c */; };
		3EA99F40106495B6003C7F18 /* img_scanner.c in Sources */ = {isa = PBXBuildFile; fileRef = 3EA99F23106495B6003C7F18 /* img_scanner.c */; };
		3EA99F41106495B6003C7F18 /* logo.c in Sources */ = {isa = PBXBuildFile; fileRef = 3EA99F24106495B6003C7F18 /* logo.c */; };
		3EA99F42106495B6003C7F18 /* processor.c in Sources */ = {isa = PBXBuildFile; fileRef = 3EA99F25106495B6003C7F18 /* processor.c */; };
		3EA99F43106495B6003C7F18 /* scanner.c in Sources */ = {isa = PBXBuildFile; fileRef = 3EA99F27106495B6003C7F18 /* scanner.c */; };
		3EA99F44106495B6003C7F18 /* symbol.c in Sources */ = {isa = PBXBuildFile; fileRef = 3EA99F28106495B6003C7F18 /* symbol.c */; };
		3EA99F45106495B6003C7F18 /* null.c in Sources */ = {isa = PBXBuildFile; fileRef = 3EA99F2B106495B6003C7F18 /* null.c */; };
		3EA99F48106495B6003C7F18 /* video.c in Sources */ = {isa = PBXBuildFile; fileRef = 3EA99F2E106495B6003C7F18 /* video.c */; };
		3EA99F49106495B6003C7F18 /* null.c in Sources */ = {isa = PBXBuildFile; fileRef = 3EA99F31106495B6003C7F18 /* null.c */; };
		3EA99F4D106495B6003C7F18 /* window.c in Sources */ = {isa = PBXBuildFile; fileRef = 3EA99F35106495B6003C7F18 /* window.c */; };
		3EA99F631064970C003C7F18 /* CoreLocation.framework in Frameworks */ = {isa = PBXBuildFile; fileRef = 3EA99F621064970C003C7F18 /* CoreLocation.framework */; };
		3EA99F671064971A003C7F18 /* AudioToolbox.framework in Frameworks */ = {isa = PBXBuildFile; fileRef = 3EA99F661064971A003C7F18 /* AudioToolbox.framework */; };
		3EA99F6B10649727003C7F18 /* QuartzCore.framework in Frameworks */ = {isa = PBXBuildFile; fileRef = 3EA99F6A10649727003C7F18 /* QuartzCore.framework */; };
		3EA99F701064974F003C7F18 /* libAdMobDevice3_0.a in Frameworks */ = {isa = PBXBuildFile; fileRef = 3EA99F6E1064974F003C7F18 /* libAdMobDevice3_0.a */; };
		3EA99F711064974F003C7F18 /* libAdMobSimulator3_0.a in Frameworks */ = {isa = PBXBuildFile; fileRef = 3EA99F6F1064974F003C7F18 /* libAdMobSimulator3_0.a */; };
		3EA99F7510649761003C7F18 /* AddressBook.framework in Frameworks */ = {isa = PBXBuildFile; fileRef = 3EA99F7410649761003C7F18 /* AddressBook.framework */; };
		40EA8DF90FEB63FC00BB1F8D /* UITableViewBasedTest.m in Sources */ = {isa = PBXBuildFile; fileRef = 40EA8DF60FEB63FC00BB1F8D /* UITableViewBasedTest.m */; };
		40EA8DFA0FEB63FC00BB1F8D /* UIViewBasedTest.m in Sources */ = {isa = PBXBuildFile; fileRef = 40EA8DF80FEB63FC00BB1F8D /* UIViewBasedTest.m */; };
		460633950F55AC9000A33C8B /* Settings.bundle in Resources */ = {isa = PBXBuildFile; fileRef = 460633940F55AC9000A33C8B /* Settings.bundle */; };
		460633A20F55B5F900A33C8B /* isd_logo_60x40_w.png in Resources */ = {isa = PBXBuildFile; fileRef = 460633A10F55B5F900A33C8B /* isd_logo_60x40_w.png */; };
		4608BDE00F56FA430011302D /* IUTPreference.m in Sources */ = {isa = PBXBuildFile; fileRef = 4608BDDF0F56FA430011302D /* IUTPreference.m */; };
		4617B7F00F57B76100D94BF1 /* Default.png in Resources */ = {isa = PBXBuildFile; fileRef = 4617B7EF0F57B76100D94BF1 /* Default.png */; };
		4620593D0F28CB5700857D87 /* DetailView.xib in Resources */ = {isa = PBXBuildFile; fileRef = 4620593C0F28CB5700857D87 /* DetailView.xib */; };
		465B04250F2056FF000E8FE2 /* TestView.xib in Resources */ = {isa = PBXBuildFile; fileRef = 465B04240F2056FF000E8FE2 /* TestView.xib */; };
		466AF4DE0F2F02A3004A649A /* icon.png in Resources */ = {isa = PBXBuildFile; fileRef = 466AF4DD0F2F02A3004A649A /* icon.png */; };
		466EDC7B0F4094F900D2B9AC /* GTMSenTestCase.m in Sources */ = {isa = PBXBuildFile; fileRef = 466EDC7A0F4094F900D2B9AC /* GTMSenTestCase.m */; };
		468052AD0FA58ACB003B5A71 /* SourceCodeOpener.m in Sources */ = {isa = PBXBuildFile; fileRef = 468052AC0FA58ACB003B5A71 /* SourceCodeOpener.m */; };
		469F8E840FBC5A4C004FD86F /* NSExceptionExtension.m in Sources */ = {isa = PBXBuildFile; fileRef = 469F8E830FBC5A4C004FD86F /* NSExceptionExtension.m */; };
		46C6AB570F2DBE7E00BA1B73 /* TestAppDelegate.m in Sources */ = {isa = PBXBuildFile; fileRef = 46C6AB3E0F2DBE7E00BA1B73 /* TestAppDelegate.m */; };
		46C6AB580F2DBE7E00BA1B73 /* UINavigationBarBasedTest.m in Sources */ = {isa = PBXBuildFile; fileRef = 46C6AB420F2DBE7E00BA1B73 /* UINavigationBarBasedTest.m */; };
		46C6AB590F2DBE7E00BA1B73 /* UITabBarAndNavigationBarBasedTest.m in Sources */ = {isa = PBXBuildFile; fileRef = 46C6AB440F2DBE7E00BA1B73 /* UITabBarAndNavigationBarBasedTest.m */; };
		46C6AB5A0F2DBE7E00BA1B73 /* UITabBarBasedTest.m in Sources */ = {isa = PBXBuildFile; fileRef = 46C6AB460F2DBE7E00BA1B73 /* UITabBarBasedTest.m */; };
		46C6AB5B0F2DBE7E00BA1B73 /* IUTAssertion.m in Sources */ = {isa = PBXBuildFile; fileRef = 46C6AB480F2DBE7E00BA1B73 /* IUTAssertion.m */; };
		46C6AB5C0F2DBE7E00BA1B73 /* IUTAssertionInfo.m in Sources */ = {isa = PBXBuildFile; fileRef = 46C6AB4A0F2DBE7E00BA1B73 /* IUTAssertionInfo.m */; };
		46C6AB5D0F2DBE7E00BA1B73 /* IUTDetailViewController.m in Sources */ = {isa = PBXBuildFile; fileRef = 46C6AB4C0F2DBE7E00BA1B73 /* IUTDetailViewController.m */; };
		46C6AB5E0F2DBE7E00BA1B73 /* IUTResultTableViewCell.m in Sources */ = {isa = PBXBuildFile; fileRef = 46C6AB4E0F2DBE7E00BA1B73 /* IUTResultTableViewCell.m */; };
		46C6AB5F0F2DBE7E00BA1B73 /* IUTResultTableViewController.m in Sources */ = {isa = PBXBuildFile; fileRef = 46C6AB500F2DBE7E00BA1B73 /* IUTResultTableViewController.m */; };
		46C6AB600F2DBE7E00BA1B73 /* IUTTest.m in Sources */ = {isa = PBXBuildFile; fileRef = 46C6AB520F2DBE7E00BA1B73 /* IUTTest.m */; };
		46C6AB610F2DBE7E00BA1B73 /* IUTTestRunner.m in Sources */ = {isa = PBXBuildFile; fileRef = 46C6AB540F2DBE7E00BA1B73 /* IUTTestRunner.m */; };
		46C6AB620F2DBE7E00BA1B73 /* IUTTestRunnerViewController.m in Sources */ = {isa = PBXBuildFile; fileRef = 46C6AB560F2DBE7E00BA1B73 /* IUTTestRunnerViewController.m */; };
		46C6ADCA0F2DDFC800BA1B73 /* isd_logo_60x40.png in Resources */ = {isa = PBXBuildFile; fileRef = 46C6ADC90F2DDFC800BA1B73 /* isd_logo_60x40.png */; };
/* End PBXBuildFile section */

/* Begin PBXFileReference section */
		1D30AB110D05D00D00671497 /* Foundation.framework */ = {isa = PBXFileReference; lastKnownFileType = wrapper.framework; name = Foundation.framework; path = System/Library/Frameworks/Foundation.framework; sourceTree = SDKROOT; };
		1D6058910D05DD3D006BFB54 /* ItemShelfTest.app */ = {isa = PBXFileReference; explicitFileType = wrapper.application; includeInIndex = 0; path = ItemShelfTest.app; sourceTree = BUILT_PRODUCTS_DIR; };
		1DF5F4DF0D08C38300B7A737 /* UIKit.framework */ = {isa = PBXFileReference; lastKnownFileType = wrapper.framework; name = UIKit.framework; path = System/Library/Frameworks/UIKit.framework; sourceTree = SDKROOT; };
		288765FC0DF74451002DB57D /* CoreGraphics.framework */ = {isa = PBXFileReference; lastKnownFileType = wrapper.framework; name = CoreGraphics.framework; path = System/Library/Frameworks/CoreGraphics.framework; sourceTree = SDKROOT; };
		28AD733E0D9D9553002E5188 /* MainWindow.xib */ = {isa = PBXFileReference; lastKnownFileType = file.xib; path = MainWindow.xib; sourceTree = "<group>"; };
		29B97316FDCFA39411CA2CEA /* main.m */ = {isa = PBXFileReference; fileEncoding = 4; lastKnownFileType = sourcecode.c.objc; path = main.m; sourceTree = "<group>"; };
		32CA4F630368D1EE00C91783 /* iUnitTest_Prefix.pch */ = {isa = PBXFileReference; fileEncoding = 4; lastKnownFileType = sourcecode.c.h; path = iUnitTest_Prefix.pch; sourceTree = "<group>"; };
		3EA9324E106497D300E96425 /* ShelfTest.m */ = {isa = PBXFileReference; fileEncoding = 4; lastKnownFileType = sourcecode.c.objc; path = ShelfTest.m; sourceTree = "<group>"; };
		3EA932561064989200E96425 /* DataModelTest.m */ = {isa = PBXFileReference; fileEncoding = 4; lastKnownFileType = sourcecode.c.objc; path = DataModelTest.m; sourceTree = "<group>"; };
		3EA99DB710648EFB003C7F18 /* BackupServer.h */ = {isa = PBXFileReference; fileEncoding = 4; lastKnownFileType = sourcecode.c.h; path = BackupServer.h; sourceTree = "<group>"; };
		3EA99DB810648EFB003C7F18 /* BackupServer.m */ = {isa = PBXFileReference; fileEncoding = 4; lastKnownFileType = sourcecode.c.objc; path = BackupServer.m; sourceTree = "<group>"; };
		3EA99DBB10648EFB003C7F18 /* Common.h */ = {isa = PBXFileReference; fileEncoding = 4; lastKnownFileType = sourcecode.c.h; path = Common.h; sourceTree = "<group>"; };
		3EA99DBC10648EFB003C7F18 /* Common.m */ = {isa = PBXFileReference; fileEncoding = 4; lastKnownFileType = sourcecode.c.objc; path = Common.m; sourceTree = "<group>"; };
		3EA99DBD10648EFB003C7F18 /* Edition.h */ = {isa = PBXFileReference; fileEncoding = 4; lastKnownFileType = sourcecode.c.h; path = Edition.h; sourceTree = "<group>"; };
		3EA99DBE10648EFB003C7F18 /* Edition.m */ = {isa = PBXFileReference; fileEncoding = 4; lastKnownFileType = sourcecode.c.objc; path = Edition.m; sourceTree = "<group>"; };
		3EA99DBF10648EFB003C7F18 /* HttpClient.h */ = {isa = PBXFileReference; fileEncoding = 4; lastKnownFileType = sourcecode.c.h; path = HttpClient.h; sourceTree = "<group>"; };
		3EA99DC010648EFB003C7F18 /* HttpClient.m */ = {isa = PBXFileReference; fileEncoding = 4; lastKnownFileType = sourcecode.c.objc; path = HttpClient.m; sourceTree = "<group>"; };
		3EA99DC110648EFB003C7F18 /* TmiWebServer.h */ = {isa = PBXFileReference; fileEncoding = 4; lastKnownFileType = sourcecode.c.h; path = TmiWebServer.h; sourceTree = "<group>"; };
		3EA99DC210648EFB003C7F18 /* TmiWebServer.m */ = {isa = PBXFileReference; fileEncoding = 4; lastKnownFileType = sourcecode.c.objc; path = TmiWebServer.m; sourceTree = "<group>"; };
		3EA99DC310648EFB003C7F18 /* URLComponent.h */ = {isa = PBXFileReference; fileEncoding = 4; lastKnownFileType = sourcecode.c.h; path = URLComponent.h; sourceTree = "<group>"; };
		3EA99DC410648EFB003C7F18 /* URLComponent.m */ = {isa = PBXFileReference; fileEncoding = 4; lastKnownFileType = sourcecode.c.objc; path = URLComponent.m; sourceTree = "<group>"; };
		3EA99DD110648F57003C7F18 /* Database.h */ = {isa = PBXFileReference; fileEncoding = 4; lastKnownFileType = sourcecode.c.h; path = Database.h; sourceTree = "<group>"; };
		3EA99DD210648F57003C7F18 /* Database.m */ = {isa = PBXFileReference; fileEncoding = 4; lastKnownFileType = sourcecode.c.objc; path = Database.m; sourceTree = "<group>"; };
		3EA99DD310648F57003C7F18 /* DataModel.h */ = {isa = PBXFileReference; fileEncoding = 4; lastKnownFileType = sourcecode.c.h; path = DataModel.h; sourceTree = "<group>"; };
		3EA99DD410648F57003C7F18 /* DataModel.m */ = {isa = PBXFileReference; fileEncoding = 4; lastKnownFileType = sourcecode.c.objc; path = DataModel.m; sourceTree = "<group>"; };
		3EA99DD510648F57003C7F18 /* DateFormatter2.h */ = {isa = PBXFileReference; fileEncoding = 4; lastKnownFileType = sourcecode.c.h; path = DateFormatter2.h; sourceTree = "<group>"; };
		3EA99DD610648F57003C7F18 /* DateFormatter2.m */ = {isa = PBXFileReference; fileEncoding = 4; lastKnownFileType = sourcecode.c.objc; path = DateFormatter2.m; sourceTree = "<group>"; };
		3EA99DD710648F57003C7F18 /* Item.h */ = {isa = PBXFileReference; fileEncoding = 4; lastKnownFileType = sourcecode.c.h; path = Item.h; sourceTree = "<group>"; };
		3EA99DD810648F57003C7F18 /* Item.m */ = {isa = PBXFileReference; fileEncoding = 4; lastKnownFileType = sourcecode.c.objc; path = Item.m; sourceTree = "<group>"; };
		3EA99DD910648F57003C7F18 /* ItemListModel.h */ = {isa = PBXFileReference; fileEncoding = 4; lastKnownFileType = sourcecode.c.h; path = ItemListModel.h; sourceTree = "<group>"; };
		3EA99DDA10648F57003C7F18 /* ItemListModel.m */ = {isa = PBXFileReference; fileEncoding = 4; lastKnownFileType = sourcecode.c.objc; path = ItemListModel.m; sourceTree = "<group>"; };
		3EA99DDB10648F57003C7F18 /* Shelf.h */ = {isa = PBXFileReference; fileEncoding = 4; lastKnownFileType = sourcecode.c.h; path = Shelf.h; sourceTree = "<group>"; };
		3EA99DDC10648F57003C7F18 /* Shelf.m */ = {isa = PBXFileReference; fileEncoding = 4; lastKnownFileType = sourcecode.c.objc; path = Shelf.m; sourceTree = "<group>"; };
		3EA99DDD10648F57003C7F18 /* SmartShelf.m */ = {isa = PBXFileReference; fileEncoding = 4; lastKnownFileType = sourcecode.c.objc; path = SmartShelf.m; sourceTree = "<group>"; };
		3EA99DDE10648F57003C7F18 /* StringArray.h */ = {isa = PBXFileReference; fileEncoding = 4; lastKnownFileType = sourcecode.c.h; path = StringArray.h; sourceTree = "<group>"; };
		3EA99DDF10648F57003C7F18 /* StringArray.m */ = {isa = PBXFileReference; fileEncoding = 4; lastKnownFileType = sourcecode.c.objc; path = StringArray.m; sourceTree = "<group>"; };
		3EA99DEC10648F8F003C7F18 /* libsqlite3.dylib */ = {isa = PBXFileReference; lastKnownFileType = "compiled.mach-o.dylib"; name = libsqlite3.dylib; path = /usr/lib/libsqlite3.dylib; sourceTree = "<absolute>"; };
		3EA99DF010648FAE003C7F18 /* AmazonApi.h */ = {isa = PBXFileReference; fileEncoding = 4; lastKnownFileType = sourcecode.c.h; path = AmazonApi.h; sourceTree = "<group>"; };
		3EA99DF110648FAE003C7F18 /* AmazonApi.m */ = {isa = PBXFileReference; fileEncoding = 4; lastKnownFileType = sourcecode.c.objc; path = AmazonApi.m; sourceTree = "<group>"; };
		3EA99DF210648FAE003C7F18 /* dom.h */ = {isa = PBXFileReference; fileEncoding = 4; lastKnownFileType = sourcecode.c.h; path = dom.h; sourceTree = "<group>"; };
		3EA99DF310648FAE003C7F18 /* dom.m */ = {isa = PBXFileReference; fileEncoding = 4; lastKnownFileType = sourcecode.c.objc; path = dom.m; sourceTree = "<group>"; };
		3EA99DF410648FAE003C7F18 /* KakakuCom.h */ = {isa = PBXFileReference; fileEncoding = 4; lastKnownFileType = sourcecode.c.h; path = KakakuCom.h; sourceTree = "<group>"; };
		3EA99DF510648FAE003C7F18 /* KakakuCom.m */ = {isa = PBXFileReference; fileEncoding = 4; lastKnownFileType = sourcecode.c.objc; path = KakakuCom.m; sourceTree = "<group>"; };
		3EA99DF610648FAE003C7F18 /* RakutenApi.h */ = {isa = PBXFileReference; fileEncoding = 4; lastKnownFileType = sourcecode.c.h; path = RakutenApi.h; sourceTree = "<group>"; };
		3EA99DF710648FAE003C7F18 /* RakutenApi.m */ = {isa = PBXFileReference; fileEncoding = 4; lastKnownFileType = sourcecode.c.objc; path = RakutenApi.m; sourceTree = "<group>"; };
		3EA99DF810648FAE003C7F18 /* WebApi.h */ = {isa = PBXFileReference; fileEncoding = 4; lastKnownFileType = sourcecode.c.h; path = WebApi.h; sourceTree = "<group>"; };
		3EA99DF910648FAE003C7F18 /* WebApi.m */ = {isa = PBXFileReference; fileEncoding = 4; lastKnownFileType = sourcecode.c.objc; path = WebApi.m; sourceTree = "<group>"; };
		3EA99DFA10648FAE003C7F18 /* Yahoo.h */ = {isa = PBXFileReference; fileEncoding = 4; lastKnownFileType = sourcecode.c.h; path = Yahoo.h; sourceTree = "<group>"; };
		3EA99DFB10648FAE003C7F18 /* Yahoo.m */ = {isa = PBXFileReference; fileEncoding = 4; lastKnownFileType = sourcecode.c.objc; path = Yahoo.m; sourceTree = "<group>"; };
		3EA99E0C1064904F003C7F18 /* ItemTest.m */ = {isa = PBXFileReference; fileEncoding = 4; lastKnownFileType = sourcecode.c.objc; path = ItemTest.m; sourceTree = "<group>"; };
		3EA99E0D1064904F003C7F18 /* TestUtility.m */ = {isa = PBXFileReference; fileEncoding = 4; lastKnownFileType = sourcecode.c.objc; path = TestUtility.m; sourceTree = "<group>"; };
		3EA99E1210649076003C7F18 /* TestUtility.h */ = {isa = PBXFileReference; fileEncoding = 4; lastKnownFileType = sourcecode.c.h; path = TestUtility.h; sourceTree = "<group>"; };
		3EA99E4A10649418003C7F18 /* AppDelegate.h */ = {isa = PBXFileReference; fileEncoding = 4; lastKnownFileType = sourcecode.c.h; path = AppDelegate.h; sourceTree = "<group>"; };
		3EA99E4B10649418003C7F18 /* AppDelegate.m */ = {isa = PBXFileReference; fileEncoding = 4; lastKnownFileType = sourcecode.c.objc; path = AppDelegate.m; sourceTree = "<group>"; };
		3EA99E4F10649480003C7F18 /* AboutViewController.h */ = {isa = PBXFileReference; fileEncoding = 4; lastKnownFileType = sourcecode.c.h; path = AboutViewController.h; sourceTree = "<group>"; };
		3EA99E5010649480003C7F18 /* AboutViewController.m */ = {isa = PBXFileReference; fileEncoding = 4; lastKnownFileType = sourcecode.c.objc; path = AboutViewController.m; sourceTree = "<group>"; };
		3EA99E5110649480003C7F18 /* AdCell.h */ = {isa = PBXFileReference; fileEncoding = 4; lastKnownFileType = sourcecode.c.h; path = AdCell.h; sourceTree = "<group>"; };
		3EA99E5210649480003C7F18 /* AdCell.m */ = {isa = PBXFileReference; fileEncoding = 4; lastKnownFileType = sourcecode.c.objc; path = AdCell.m; sourceTree = "<group>"; };
		3EA99E5310649480003C7F18 /* BarcodeScannerController.h */ = {isa = PBXFileReference; fileEncoding = 4; lastKnownFileType = sourcecode.c.h; path = BarcodeScannerController.h; sourceTree = "<group>"; };
		3EA99E5410649480003C7F18 /* BarcodeScannerController.m */ = {isa = PBXFileReference; fileEncoding = 4; lastKnownFileType = sourcecode.c.objc; path = BarcodeScannerController.m; sourceTree = "<group>"; };
		3EA99E5510649480003C7F18 /* ConfigViewController.h */ = {isa = PBXFileReference; fileEncoding = 4; lastKnownFileType = sourcecode.c.h; path = ConfigViewController.h; sourceTree = "<group>"; };
		3EA99E5610649480003C7F18 /* ConfigViewController.m */ = {isa = PBXFileReference; fileEncoding = 4; lastKnownFileType = sourcecode.c.objc; path = ConfigViewController.m; sourceTree = "<group>"; };
		3EA99E5710649480003C7F18 /* EditMemoVC.h */ = {isa = PBXFileReference; fileEncoding = 4; lastKnownFileType = sourcecode.c.h; path = EditMemoVC.h; sourceTree = "<group>"; };
		3EA99E5810649480003C7F18 /* EditMemoVC.m */ = {isa = PBXFileReference; fileEncoding = 4; lastKnownFileType = sourcecode.c.objc; path = EditMemoVC.m; sourceTree = "<group>"; };
		3EA99E5910649480003C7F18 /* EditShelfViewController.h */ = {isa = PBXFileReference; fileEncoding = 4; lastKnownFileType = sourcecode.c.h; path = EditShelfViewController.h; sourceTree = "<group>"; };
		3EA99E5A10649480003C7F18 /* EditShelfViewController.m */ = {isa = PBXFileReference; fileEncoding = 4; lastKnownFileType = sourcecode.c.objc; path = EditShelfViewController.m; sourceTree = "<group>"; };
		3EA99E5C10649480003C7F18 /* EditStarViewController.h */ = {isa = PBXFileReference; fileEncoding = 4; lastKnownFileType = sourcecode.c.h; path = EditStarViewController.h; sourceTree = "<group>"; };
		3EA99E5D10649480003C7F18 /* EditStarViewController.m */ = {isa = PBXFileReference; fileEncoding = 4; lastKnownFileType = sourcecode.c.objc; path = EditStarViewController.m; sourceTree = "<group>"; };
		3EA99E5E10649480003C7F18 /* EditTagsViewController.h */ = {isa = PBXFileReference; fileEncoding = 4; lastKnownFileType = sourcecode.c.h; path = EditTagsViewController.h; sourceTree = "<group>"; };
		3EA99E5F10649480003C7F18 /* EditTagsViewController.m */ = {isa = PBXFileReference; fileEncoding = 4; lastKnownFileType = sourcecode.c.objc; path = EditTagsViewController.m; sourceTree = "<group>"; };
		3EA99E6010649480003C7F18 /* GenEditTextViewController.h */ = {isa = PBXFileReference; fileEncoding = 4; lastKnownFileType = sourcecode.c.h; path = GenEditTextViewController.h; sourceTree = "<group>"; };
		3EA99E6110649480003C7F18 /* GenEditTextViewController.m */ = {isa = PBXFileReference; fileEncoding = 4; lastKnownFileType = sourcecode.c.objc; path = GenEditTextViewController.m; sourceTree = "<group>"; };
		3EA99E6210649480003C7F18 /* GenSelectListViewController.h */ = {isa = PBXFileReference; fileEncoding = 4; lastKnownFileType = sourcecode.c.h; path = GenSelectListViewController.h; sourceTree = "<group>"; };
		3EA99E6310649480003C7F18 /* GenSelectListViewController.m */ = {isa = PBXFileReference; fileEncoding = 4; lastKnownFileType = sourcecode.c.objc; path = GenSelectListViewController.m; sourceTree = "<group>"; };
		3EA99E6410649480003C7F18 /* ItemCell.h */ = {isa = PBXFileReference; fileEncoding = 4; lastKnownFileType = sourcecode.c.h; path = ItemCell.h; sourceTree = "<group>"; };
		3EA99E6510649480003C7F18 /* ItemCell.m */ = {isa = PBXFileReference; fileEncoding = 4; lastKnownFileType = sourcecode.c.objc; path = ItemCell.m; sourceTree = "<group>"; };
		3EA99E6610649480003C7F18 /* ItemCell4.h */ = {isa = PBXFileReference; fileEncoding = 4; lastKnownFileType = sourcecode.c.h; path = ItemCell4.h; sourceTree = "<group>"; };
		3EA99E6710649480003C7F18 /* ItemCell4.m */ = {isa = PBXFileReference; fileEncoding = 4; lastKnownFileType = sourcecode.c.objc; path = ItemCell4.m; sourceTree = "<group>"; };
		3EA99E6810649480003C7F18 /* ItemListViewController.h */ = {isa = PBXFileReference; fileEncoding = 4; lastKnownFileType = sourcecode.c.h; path = ItemListViewController.h; sourceTree = "<group>"; };
		3EA99E6910649480003C7F18 /* ItemListViewController.m */ = {isa = PBXFileReference; fileEncoding = 4; lastKnownFileType = sourcecode.c.objc; path = ItemListViewController.m; sourceTree = "<group>"; };
		3EA99E6A10649480003C7F18 /* ItemViewController.h */ = {isa = PBXFileReference; fileEncoding = 4; lastKnownFileType = sourcecode.c.h; path = ItemViewController.h; sourceTree = "<group>"; };
		3EA99E6B10649480003C7F18 /* ItemViewController.m */ = {isa = PBXFileReference; fileEncoding = 4; lastKnownFileType = sourcecode.c.objc; path = ItemViewController.m; sourceTree = "<group>"; };
		3EA99E6C10649480003C7F18 /* KeywordViewController2.h */ = {isa = PBXFileReference; fileEncoding = 4; lastKnownFileType = sourcecode.c.h; path = KeywordViewController2.h; sourceTree = "<group>"; };
		3EA99E6D10649480003C7F18 /* KeywordViewController2.m */ = {isa = PBXFileReference; fileEncoding = 4; lastKnownFileType = sourcecode.c.objc; path = KeywordViewController2.m; sourceTree = "<group>"; };
		3EA99E6E10649480003C7F18 /* NumPadViewController.h */ = {isa = PBXFileReference; fileEncoding = 4; lastKnownFileType = sourcecode.c.h; path = NumPadViewController.h; sourceTree = "<group>"; };
		3EA99E6F10649480003C7F18 /* NumPadViewController.m */ = {isa = PBXFileReference; fileEncoding = 4; lastKnownFileType = sourcecode.c.objc; path = NumPadViewController.m; sourceTree = "<group>"; };
		3EA99E7010649480003C7F18 /* ScanViewController.h */ = {isa = PBXFileReference; fileEncoding = 4; lastKnownFileType = sourcecode.c.h; path = ScanViewController.h; sourceTree = "<group>"; };
		3EA99E7110649480003C7F18 /* ScanViewController.m */ = {isa = PBXFileReference; fileEncoding = 4; lastKnownFileType = sourcecode.c.objc; path = ScanViewController.m; sourceTree = "<group>"; };
		3EA99E7210649480003C7F18 /* SearchController.h */ = {isa = PBXFileReference; fileEncoding = 4; lastKnownFileType = sourcecode.c.h; path = SearchController.h; sourceTree = "<group>"; };
		3EA99E7310649480003C7F18 /* SearchController.m */ = {isa = PBXFileReference; fileEncoding = 4; lastKnownFileType = sourcecode.c.objc; path = SearchController.m; sourceTree = "<group>"; };
		3EA99E7410649480003C7F18 /* ShelfListViewController.h */ = {isa = PBXFileReference; fileEncoding = 4; lastKnownFileType = sourcecode.c.h; path = ShelfListViewController.h; sourceTree = "<group>"; };
		3EA99E7510649480003C7F18 /* ShelfListViewController.m */ = {isa = PBXFileReference; fileEncoding = 4; lastKnownFileType = sourcecode.c.objc; path = ShelfListViewController.m; sourceTree = "<group>"; };
		3EA99E7610649480003C7F18 /* StarCell.h */ = {isa = PBXFileReference; fileEncoding = 4; lastKnownFileType = sourcecode.c.h; path = StarCell.h; sourceTree = "<group>"; };
		3EA99E7710649480003C7F18 /* StarCell.m */ = {isa = PBXFileReference; fileEncoding = 4; lastKnownFileType = sourcecode.c.objc; path = StarCell.m; sourceTree = "<group>"; };
		3EA99E7810649480003C7F18 /* WebViewController.h */ = {isa = PBXFileReference; fileEncoding = 4; lastKnownFileType = sourcecode.c.h; path = WebViewController.h; sourceTree = "<group>"; };
		3EA99E7910649480003C7F18 /* WebViewController.m */ = {isa = PBXFileReference; fileEncoding = 4; lastKnownFileType = sourcecode.c.objc; path = WebViewController.m; sourceTree = "<group>"; };
		3EA99E9210649499003C7F18 /* BarcodeReader.h */ = {isa = PBXFileReference; fileEncoding = 4; lastKnownFileType = sourcecode.c.h; path = BarcodeReader.h; sourceTree = "<group>"; };
		3EA99E9310649499003C7F18 /* BarcodeReader.m */ = {isa = PBXFileReference; fileEncoding = 4; lastKnownFileType = sourcecode.c.objc; path = BarcodeReader.m; sourceTree = "<group>"; };
		3EA99EE010649568003C7F18 /* AdMobDelegateProtocol.h */ = {isa = PBXFileReference; fileEncoding = 4; lastKnownFileType = sourcecode.c.h; path = AdMobDelegateProtocol.h; sourceTree = "<group>"; };
		3EA99EE110649568003C7F18 /* AdMobView.h */ = {isa = PBXFileReference; fileEncoding = 4; lastKnownFileType = sourcecode.c.h; path = AdMobView.h; sourceTree = "<group>"; };
		3EA99F0E106495B6003C7F18 /* config.h */ = {isa = PBXFileReference; fileEncoding = 4; lastKnownFileType = sourcecode.c.h; path = config.h; sourceTree = "<group>"; };
		3EA99F0F106495B6003C7F18 /* zebra.h */ = {isa = PBXFileReference; fileEncoding = 4; lastKnownFileType = sourcecode.c.h; path = zebra.h; sourceTree = "<group>"; };
		3EA99F11106495B6003C7F18 /* config.c */ = {isa = PBXFileReference; fileEncoding = 4; lastKnownFileType = sourcecode.c.c; path = config.c; sourceTree = "<group>"; };
		3EA99F12106495B6003C7F18 /* convert.c */ = {isa = PBXFileReference; fileEncoding = 4; lastKnownFileType = sourcecode.c.c; path = convert.c; sourceTree = "<group>"; };
		3EA99F13106495B6003C7F18 /* debug.h */ = {isa = PBXFileReference; fileEncoding = 4; lastKnownFileType = sourcecode.c.h; path = debug.h; sourceTree = "<group>"; };
		3EA99F15106495B6003C7F18 /* code128.c */ = {isa = PBXFileReference; fileEncoding = 4; lastKnownFileType = sourcecode.c.c; path = code128.c; sourceTree = "<group>"; };
		3EA99F16106495B6003C7F18 /* code128.h */ = {isa = PBXFileReference; fileEncoding = 4; lastKnownFileType = sourcecode.c.h; path = code128.h; sourceTree = "<group>"; };
		3EA99F17106495B6003C7F18 /* code39.c */ = {isa = PBXFileReference; fileEncoding = 4; lastKnownFileType = sourcecode.c.c; path = code39.c; sourceTree = "<group>"; };
		3EA99F18106495B6003C7F18 /* code39.h */ = {isa = PBXFileReference; fileEncoding = 4; lastKnownFileType = sourcecode.c.h; path = code39.h; sourceTree = "<group>"; };
		3EA99F19106495B6003C7F18 /* ean.c */ = {isa = PBXFileReference; fileEncoding = 4; lastKnownFileType = sourcecode.c.c; path = ean.c; sourceTree = "<group>"; };
		3EA99F1A106495B6003C7F18 /* ean.h */ = {isa = PBXFileReference; fileEncoding = 4; lastKnownFileType = sourcecode.c.h; path = ean.h; sourceTree = "<group>"; };
		3EA99F1B106495B6003C7F18 /* i25.c */ = {isa = PBXFileReference; fileEncoding = 4; lastKnownFileType = sourcecode.c.c; path = i25.c; sourceTree = "<group>"; };
		3EA99F1C106495B6003C7F18 /* i25.h */ = {isa = PBXFileReference; fileEncoding = 4; lastKnownFileType = sourcecode.c.h; path = i25.h; sourceTree = "<group>"; };
		3EA99F1D106495B6003C7F18 /* decoder.c */ = {isa = PBXFileReference; fileEncoding = 4; lastKnownFileType = sourcecode.c.c; path = decoder.c; sourceTree = "<group>"; };
		3EA99F1E106495B6003C7F18 /* decoder.h */ = {isa = PBXFileReference; fileEncoding = 4; lastKnownFileType = sourcecode.c.h; path = decoder.h; sourceTree = "<group>"; };
		3EA99F1F106495B6003C7F18 /* error.c */ = {isa = PBXFileReference; fileEncoding = 4; lastKnownFileType = sourcecode.c.c; path = error.c; sourceTree = "<group>"; };
		3EA99F20106495B6003C7F18 /* error.h */ = {isa = PBXFileReference; fileEncoding = 4; lastKnownFileType = sourcecode.c.h; path = error.h; sourceTree = "<group>"; };
		3EA99F21106495B6003C7F18 /* image.c */ = {isa = PBXFileReference; fileEncoding = 4; lastKnownFileType = sourcecode.c.c; path = image.c; sourceTree = "<group>"; };
		3EA99F22106495B6003C7F18 /* image.h */ = {isa = PBXFileReference; fileEncoding = 4; lastKnownFileType = sourcecode.c.h; path = image.h; sourceTree = "<group>"; };
		3EA99F23106495B6003C7F18 /* img_scanner.c */ = {isa = PBXFileReference; fileEncoding = 4; lastKnownFileType = sourcecode.c.c; path = img_scanner.c; sourceTree = "<group>"; };
		3EA99F24106495B6003C7F18 /* logo.c */ = {isa = PBXFileReference; fileEncoding = 4; lastKnownFileType = sourcecode.c.c; path = logo.c; sourceTree = "<group>"; };
		3EA99F25106495B6003C7F18 /* processor.c */ = {isa = PBXFileReference; fileEncoding = 4; lastKnownFileType = sourcecode.c.c; path = processor.c; sourceTree = "<group>"; };
		3EA99F26106495B6003C7F18 /* processor.h */ = {isa = PBXFileReference; fileEncoding = 4; lastKnownFileType = sourcecode.c.h; path = processor.h; sourceTree = "<group>"; };
		3EA99F27106495B6003C7F18 /* scanner.c */ = {isa = PBXFileReference; fileEncoding = 4; lastKnownFileType = sourcecode.c.c; path = scanner.c; sourceTree = "<group>"; };
		3EA99F28106495B6003C7F18 /* symbol.c */ = {isa = PBXFileReference; fileEncoding = 4; lastKnownFileType = sourcecode.c.c; path = symbol.c; sourceTree = "<group>"; };
		3EA99F29106495B6003C7F18 /* symbol.h */ = {isa = PBXFileReference; fileEncoding = 4; lastKnownFileType = sourcecode.c.h; path = symbol.h; sourceTree = "<group>"; };
		3EA99F2B106495B6003C7F18 /* null.c */ = {isa = PBXFileReference; fileEncoding = 4; lastKnownFileType = sourcecode.c.c; path = null.c; sourceTree = "<group>"; };
		3EA99F2E106495B6003C7F18 /* video.c */ = {isa = PBXFileReference; fileEncoding = 4; lastKnownFileType = sourcecode.c.c; path = video.c; sourceTree = "<group>"; };
		3EA99F2F106495B6003C7F18 /* video.h */ = {isa = PBXFileReference; fileEncoding = 4; lastKnownFileType = sourcecode.c.h; path = video.h; sourceTree = "<group>"; };
		3EA99F31106495B6003C7F18 /* null.c */ = {isa = PBXFileReference; fileEncoding = 4; lastKnownFileType = sourcecode.c.c; path = null.c; sourceTree = "<group>"; };
		3EA99F35106495B6003C7F18 /* window.c */ = {isa = PBXFileReference; fileEncoding = 4; lastKnownFileType = sourcecode.c.c; path = window.c; sourceTree = "<group>"; };
		3EA99F36106495B6003C7F18 /* window.h */ = {isa = PBXFileReference; fileEncoding = 4; lastKnownFileType = sourcecode.c.h; path = window.h; sourceTree = "<group>"; };
		3EA99F621064970C003C7F18 /* CoreLocation.framework */ = {isa = PBXFileReference; lastKnownFileType = wrapper.framework; name = CoreLocation.framework; path = /System/Library/Frameworks/CoreLocation.framework; sourceTree = "<absolute>"; };
		3EA99F661064971A003C7F18 /* AudioToolbox.framework */ = {isa = PBXFileReference; lastKnownFileType = wrapper.framework; name = AudioToolbox.framework; path = /System/Library/Frameworks/AudioToolbox.framework; sourceTree = "<absolute>"; };
		3EA99F6A10649727003C7F18 /* QuartzCore.framework */ = {isa = PBXFileReference; lastKnownFileType = wrapper.framework; name = QuartzCore.framework; path = /System/Library/Frameworks/QuartzCore.framework; sourceTree = "<absolute>"; };
		3EA99F6E1064974F003C7F18 /* libAdMobDevice3_0.a */ = {isa = PBXFileReference; lastKnownFileType = archive.ar; name = libAdMobDevice3_0.a; path = ../AdMob/libAdMobDevice3_0.a; sourceTree = SOURCE_ROOT; };
		3EA99F6F1064974F003C7F18 /* libAdMobSimulator3_0.a */ = {isa = PBXFileReference; lastKnownFileType = archive.ar; name = libAdMobSimulator3_0.a; path = ../AdMob/libAdMobSimulator3_0.a; sourceTree = SOURCE_ROOT; };
		3EA99F7410649761003C7F18 /* AddressBook.framework */ = {isa = PBXFileReference; lastKnownFileType = wrapper.framework; name = AddressBook.framework; path = /System/Library/Frameworks/AddressBook.framework; sourceTree = "<absolute>"; };
		40EA8DF50FEB63FC00BB1F8D /* UITableViewBasedTest.h */ = {isa = PBXFileReference; fileEncoding = 4; lastKnownFileType = sourcecode.c.h; path = UITableViewBasedTest.h; sourceTree = "<group>"; };
		40EA8DF60FEB63FC00BB1F8D /* UITableViewBasedTest.m */ = {isa = PBXFileReference; fileEncoding = 4; lastKnownFileType = sourcecode.c.objc; path = UITableViewBasedTest.m; sourceTree = "<group>"; };
		40EA8DF70FEB63FC00BB1F8D /* UIViewBasedTest.h */ = {isa = PBXFileReference; fileEncoding = 4; lastKnownFileType = sourcecode.c.h; path = UIViewBasedTest.h; sourceTree = "<group>"; };
		40EA8DF80FEB63FC00BB1F8D /* UIViewBasedTest.m */ = {isa = PBXFileReference; fileEncoding = 4; lastKnownFileType = sourcecode.c.objc; path = UIViewBasedTest.m; sourceTree = "<group>"; };
		460633940F55AC9000A33C8B /* Settings.bundle */ = {isa = PBXFileReference; lastKnownFileType = "wrapper.plug-in"; path = Settings.bundle; sourceTree = "<group>"; };
		460633A10F55B5F900A33C8B /* isd_logo_60x40_w.png */ = {isa = PBXFileReference; lastKnownFileType = image.png; path = isd_logo_60x40_w.png; sourceTree = "<group>"; };
		4608BDDE0F56FA430011302D /* IUTPreference.h */ = {isa = PBXFileReference; fileEncoding = 4; lastKnownFileType = sourcecode.c.h; path = IUTPreference.h; sourceTree = "<group>"; };
		4608BDDF0F56FA430011302D /* IUTPreference.m */ = {isa = PBXFileReference; fileEncoding = 4; lastKnownFileType = sourcecode.c.objc; path = IUTPreference.m; sourceTree = "<group>"; };
		4617B7EF0F57B76100D94BF1 /* Default.png */ = {isa = PBXFileReference; lastKnownFileType = image.png; path = Default.png; sourceTree = "<group>"; };
		4620593C0F28CB5700857D87 /* DetailView.xib */ = {isa = PBXFileReference; lastKnownFileType = file.xib; path = DetailView.xib; sourceTree = "<group>"; };
		465B04240F2056FF000E8FE2 /* TestView.xib */ = {isa = PBXFileReference; lastKnownFileType = file.xib; path = TestView.xib; sourceTree = "<group>"; };
		466AF4DD0F2F02A3004A649A /* icon.png */ = {isa = PBXFileReference; lastKnownFileType = image.png; path = icon.png; sourceTree = "<group>"; };
		466EDC780F4094DB00D2B9AC /* IUTLog.h */ = {isa = PBXFileReference; fileEncoding = 4; lastKnownFileType = sourcecode.c.h; path = IUTLog.h; sourceTree = "<group>"; };
		466EDC790F4094F900D2B9AC /* GTMSenTestCase.h */ = {isa = PBXFileReference; fileEncoding = 4; lastKnownFileType = sourcecode.c.h; path = GTMSenTestCase.h; sourceTree = "<group>"; };
		466EDC7A0F4094F900D2B9AC /* GTMSenTestCase.m */ = {isa = PBXFileReference; fileEncoding = 4; lastKnownFileType = sourcecode.c.objc; path = GTMSenTestCase.m; sourceTree = "<group>"; };
		46718C880F38239A00272C9A /* SenTestAssertion.h */ = {isa = PBXFileReference; fileEncoding = 4; lastKnownFileType = sourcecode.c.h; path = SenTestAssertion.h; sourceTree = "<group>"; };
		468052AB0FA58ACB003B5A71 /* SourceCodeOpener.h */ = {isa = PBXFileReference; fileEncoding = 4; lastKnownFileType = sourcecode.c.h; path = SourceCodeOpener.h; sourceTree = "<group>"; };
		468052AC0FA58ACB003B5A71 /* SourceCodeOpener.m */ = {isa = PBXFileReference; fileEncoding = 4; lastKnownFileType = sourcecode.c.objc; path = SourceCodeOpener.m; sourceTree = "<group>"; };
		469F8E820FBC5A4C004FD86F /* NSExceptionExtension.h */ = {isa = PBXFileReference; fileEncoding = 4; lastKnownFileType = sourcecode.c.h; path = NSExceptionExtension.h; sourceTree = "<group>"; };
		469F8E830FBC5A4C004FD86F /* NSExceptionExtension.m */ = {isa = PBXFileReference; fileEncoding = 4; lastKnownFileType = sourcecode.c.objc; path = NSExceptionExtension.m; sourceTree = "<group>"; };
		46C6AB3D0F2DBE7E00BA1B73 /* TestAppDelegate.h */ = {isa = PBXFileReference; fileEncoding = 4; lastKnownFileType = sourcecode.c.h; path = TestAppDelegate.h; sourceTree = "<group>"; };
		46C6AB3E0F2DBE7E00BA1B73 /* TestAppDelegate.m */ = {isa = PBXFileReference; fileEncoding = 4; lastKnownFileType = sourcecode.c.objc; path = TestAppDelegate.m; sourceTree = "<group>"; };
		46C6AB410F2DBE7E00BA1B73 /* UINavigationBarBasedTest.h */ = {isa = PBXFileReference; fileEncoding = 4; lastKnownFileType = sourcecode.c.h; path = UINavigationBarBasedTest.h; sourceTree = "<group>"; };
		46C6AB420F2DBE7E00BA1B73 /* UINavigationBarBasedTest.m */ = {isa = PBXFileReference; fileEncoding = 4; lastKnownFileType = sourcecode.c.objc; path = UINavigationBarBasedTest.m; sourceTree = "<group>"; };
		46C6AB430F2DBE7E00BA1B73 /* UITabBarAndNavigationBarBasedTest.h */ = {isa = PBXFileReference; fileEncoding = 4; lastKnownFileType = sourcecode.c.h; path = UITabBarAndNavigationBarBasedTest.h; sourceTree = "<group>"; };
		46C6AB440F2DBE7E00BA1B73 /* UITabBarAndNavigationBarBasedTest.m */ = {isa = PBXFileReference; fileEncoding = 4; lastKnownFileType = sourcecode.c.objc; path = UITabBarAndNavigationBarBasedTest.m; sourceTree = "<group>"; };
		46C6AB450F2DBE7E00BA1B73 /* UITabBarBasedTest.h */ = {isa = PBXFileReference; fileEncoding = 4; lastKnownFileType = sourcecode.c.h; path = UITabBarBasedTest.h; sourceTree = "<group>"; };
		46C6AB460F2DBE7E00BA1B73 /* UITabBarBasedTest.m */ = {isa = PBXFileReference; fileEncoding = 4; lastKnownFileType = sourcecode.c.objc; path = UITabBarBasedTest.m; sourceTree = "<group>"; };
		46C6AB470F2DBE7E00BA1B73 /* IUTAssertion.h */ = {isa = PBXFileReference; fileEncoding = 4; lastKnownFileType = sourcecode.c.h; path = IUTAssertion.h; sourceTree = "<group>"; };
		46C6AB480F2DBE7E00BA1B73 /* IUTAssertion.m */ = {isa = PBXFileReference; fileEncoding = 4; lastKnownFileType = sourcecode.c.objc; path = IUTAssertion.m; sourceTree = "<group>"; };
		46C6AB490F2DBE7E00BA1B73 /* IUTAssertionInfo.h */ = {isa = PBXFileReference; fileEncoding = 4; lastKnownFileType = sourcecode.c.h; path = IUTAssertionInfo.h; sourceTree = "<group>"; };
		46C6AB4A0F2DBE7E00BA1B73 /* IUTAssertionInfo.m */ = {isa = PBXFileReference; fileEncoding = 4; lastKnownFileType = sourcecode.c.objc; path = IUTAssertionInfo.m; sourceTree = "<group>"; };
		46C6AB4B0F2DBE7E00BA1B73 /* IUTDetailViewController.h */ = {isa = PBXFileReference; fileEncoding = 4; lastKnownFileType = sourcecode.c.h; path = IUTDetailViewController.h; sourceTree = "<group>"; };
		46C6AB4C0F2DBE7E00BA1B73 /* IUTDetailViewController.m */ = {isa = PBXFileReference; fileEncoding = 4; lastKnownFileType = sourcecode.c.objc; path = IUTDetailViewController.m; sourceTree = "<group>"; };
		46C6AB4D0F2DBE7E00BA1B73 /* IUTResultTableViewCell.h */ = {isa = PBXFileReference; fileEncoding = 4; lastKnownFileType = sourcecode.c.h; path = IUTResultTableViewCell.h; sourceTree = "<group>"; };
		46C6AB4E0F2DBE7E00BA1B73 /* IUTResultTableViewCell.m */ = {isa = PBXFileReference; fileEncoding = 4; lastKnownFileType = sourcecode.c.objc; path = IUTResultTableViewCell.m; sourceTree = "<group>"; };
		46C6AB4F0F2DBE7E00BA1B73 /* IUTResultTableViewController.h */ = {isa = PBXFileReference; fileEncoding = 4; lastKnownFileType = sourcecode.c.h; path = IUTResultTableViewController.h; sourceTree = "<group>"; };
		46C6AB500F2DBE7E00BA1B73 /* IUTResultTableViewController.m */ = {isa = PBXFileReference; fileEncoding = 4; lastKnownFileType = sourcecode.c.objc; path = IUTResultTableViewController.m; sourceTree = "<group>"; };
		46C6AB510F2DBE7E00BA1B73 /* IUTTest.h */ = {isa = PBXFileReference; fileEncoding = 4; lastKnownFileType = sourcecode.c.h; path = IUTTest.h; sourceTree = "<group>"; };
		46C6AB520F2DBE7E00BA1B73 /* IUTTest.m */ = {isa = PBXFileReference; fileEncoding = 4; lastKnownFileType = sourcecode.c.objc; path = IUTTest.m; sourceTree = "<group>"; };
		46C6AB530F2DBE7E00BA1B73 /* IUTTestRunner.h */ = {isa = PBXFileReference; fileEncoding = 4; lastKnownFileType = sourcecode.c.h; path = IUTTestRunner.h; sourceTree = "<group>"; };
		46C6AB540F2DBE7E00BA1B73 /* IUTTestRunner.m */ = {isa = PBXFileReference; fileEncoding = 4; lastKnownFileType = sourcecode.c.objc; path = IUTTestRunner.m; sourceTree = "<group>"; };
		46C6AB550F2DBE7E00BA1B73 /* IUTTestRunnerViewController.h */ = {isa = PBXFileReference; fileEncoding = 4; lastKnownFileType = sourcecode.c.h; path = IUTTestRunnerViewController.h; sourceTree = "<group>"; };
		46C6AB560F2DBE7E00BA1B73 /* IUTTestRunnerViewController.m */ = {isa = PBXFileReference; fileEncoding = 4; lastKnownFileType = sourcecode.c.objc; path = IUTTestRunnerViewController.m; sourceTree = "<group>"; };
		46C6ADC90F2DDFC800BA1B73 /* isd_logo_60x40.png */ = {isa = PBXFileReference; lastKnownFileType = image.png; path = isd_logo_60x40.png; sourceTree = "<group>"; };
		8D1107310486CEB800E47090 /* Info.plist */ = {isa = PBXFileReference; fileEncoding = 4; lastKnownFileType = text.plist.xml; path = Info.plist; sourceTree = "<group>"; };
/* End PBXFileReference section */

/* Begin PBXFrameworksBuildPhase section */
		1D60588F0D05DD3D006BFB54 /* Frameworks */ = {
			isa = PBXFrameworksBuildPhase;
			buildActionMask = 2147483647;
			files = (
				1D60589F0D05DD5A006BFB54 /* Foundation.framework in Frameworks */,
				1DF5F4E00D08C38300B7A737 /* UIKit.framework in Frameworks */,
				288765FD0DF74451002DB57D /* CoreGraphics.framework in Frameworks */,
				3EA99DED10648F8F003C7F18 /* libsqlite3.dylib in Frameworks */,
				3EA99F631064970C003C7F18 /* CoreLocation.framework in Frameworks */,
				3EA99F671064971A003C7F18 /* AudioToolbox.framework in Frameworks */,
				3EA99F6B10649727003C7F18 /* QuartzCore.framework in Frameworks */,
				3EA99F701064974F003C7F18 /* libAdMobDevice3_0.a in Frameworks */,
				3EA99F711064974F003C7F18 /* libAdMobSimulator3_0.a in Frameworks */,
				3EA99F7510649761003C7F18 /* AddressBook.framework in Frameworks */,
			);
			runOnlyForDeploymentPostprocessing = 0;
		};
/* End PBXFrameworksBuildPhase section */

/* Begin PBXGroup section */
		19C28FACFE9D520D11CA2CBB /* Products */ = {
			isa = PBXGroup;
			children = (
				1D6058910D05DD3D006BFB54 /* ItemShelfTest.app */,
			);
			name = Products;
			sourceTree = "<group>";
		};
		29B97314FDCFA39411CA2CEA /* CustomTemplate */ = {
			isa = PBXGroup;
			children = (
				46C20FD50F256E610053F9B9 /* TargetClasses */,
				46C20FD60F256E610053F9B9 /* Tests */,
				46C6AB3C0F2DBE7E00BA1B73 /* Classes */,
				29B97315FDCFA39411CA2CEA /* Other Sources */,
				29B97317FDCFA39411CA2CEA /* Resources */,
				29B97323FDCFA39411CA2CEA /* Frameworks */,
				19C28FACFE9D520D11CA2CBB /* Products */,
			);
			name = CustomTemplate;
			sourceTree = "<group>";
		};
		29B97315FDCFA39411CA2CEA /* Other Sources */ = {
			isa = PBXGroup;
			children = (
				32CA4F630368D1EE00C91783 /* iUnitTest_Prefix.pch */,
				29B97316FDCFA39411CA2CEA /* main.m */,
			);
			name = "Other Sources";
			sourceTree = "<group>";
		};
		29B97317FDCFA39411CA2CEA /* Resources */ = {
			isa = PBXGroup;
			children = (
				460633A10F55B5F900A33C8B /* isd_logo_60x40_w.png */,
				466AF4DD0F2F02A3004A649A /* icon.png */,
				46C6ADC90F2DDFC800BA1B73 /* isd_logo_60x40.png */,
				4620593C0F28CB5700857D87 /* DetailView.xib */,
				28AD733E0D9D9553002E5188 /* MainWindow.xib */,
				8D1107310486CEB800E47090 /* Info.plist */,
				465B04240F2056FF000E8FE2 /* TestView.xib */,
				460633940F55AC9000A33C8B /* Settings.bundle */,
				4617B7EF0F57B76100D94BF1 /* Default.png */,
			);
			name = Resources;
			sourceTree = "<group>";
		};
		29B97323FDCFA39411CA2CEA /* Frameworks */ = {
			isa = PBXGroup;
			children = (
				3EA99F6E1064974F003C7F18 /* libAdMobDevice3_0.a */,
				3EA99F6F1064974F003C7F18 /* libAdMobSimulator3_0.a */,
				1DF5F4DF0D08C38300B7A737 /* UIKit.framework */,
				1D30AB110D05D00D00671497 /* Foundation.framework */,
				288765FC0DF74451002DB57D /* CoreGraphics.framework */,
				3EA99DEC10648F8F003C7F18 /* libsqlite3.dylib */,
				3EA99F621064970C003C7F18 /* CoreLocation.framework */,
				3EA99F661064971A003C7F18 /* AudioToolbox.framework */,
				3EA99F6A10649727003C7F18 /* QuartzCore.framework */,
				3EA99F7410649761003C7F18 /* AddressBook.framework */,
			);
			name = Frameworks;
			sourceTree = "<group>";
		};
		3EA99DCC10648F06003C7F18 /* models */ = {
			isa = PBXGroup;
			children = (
				3EA99DD110648F57003C7F18 /* Database.h */,
				3EA99DD210648F57003C7F18 /* Database.m */,
				3EA99DD310648F57003C7F18 /* DataModel.h */,
				3EA99DD410648F57003C7F18 /* DataModel.m */,
				3EA99DD510648F57003C7F18 /* DateFormatter2.h */,
				3EA99DD610648F57003C7F18 /* DateFormatter2.m */,
				3EA99DD710648F57003C7F18 /* Item.h */,
				3EA99DD810648F57003C7F18 /* Item.m */,
				3EA99DD910648F57003C7F18 /* ItemListModel.h */,
				3EA99DDA10648F57003C7F18 /* ItemListModel.m */,
				3EA99DDB10648F57003C7F18 /* Shelf.h */,
				3EA99DDC10648F57003C7F18 /* Shelf.m */,
				3EA99DDD10648F57003C7F18 /* SmartShelf.m */,
				3EA99DDE10648F57003C7F18 /* StringArray.h */,
				3EA99DDF10648F57003C7F18 /* StringArray.m */,
			);
			path = models;
			sourceTree = "<group>";
		};
		3EA99DCD10648F0D003C7F18 /* ui */ = {
			isa = PBXGroup;
			children = (
				3EA99E4F10649480003C7F18 /* AboutViewController.h */,
				3EA99E5010649480003C7F18 /* AboutViewController.m */,
				3EA99E5110649480003C7F18 /* AdCell.h */,
				3EA99E5210649480003C7F18 /* AdCell.m */,
				3EA99E5310649480003C7F18 /* BarcodeScannerController.h */,
				3EA99E5410649480003C7F18 /* BarcodeScannerController.m */,
				3EA99E5510649480003C7F18 /* ConfigViewController.h */,
				3EA99E5610649480003C7F18 /* ConfigViewController.m */,
				3EA99E5710649480003C7F18 /* EditMemoVC.h */,
				3EA99E5810649480003C7F18 /* EditMemoVC.m */,
				3EA99E5910649480003C7F18 /* EditShelfViewController.h */,
				3EA99E5A10649480003C7F18 /* EditShelfViewController.m */,
				3EA99E5C10649480003C7F18 /* EditStarViewController.h */,
				3EA99E5D10649480003C7F18 /* EditStarViewController.m */,
				3EA99E5E10649480003C7F18 /* EditTagsViewController.h */,
				3EA99E5F10649480003C7F18 /* EditTagsViewController.m */,
				3EA99E6010649480003C7F18 /* GenEditTextViewController.h */,
				3EA99E6110649480003C7F18 /* GenEditTextViewController.m */,
				3EA99E6210649480003C7F18 /* GenSelectListViewController.h */,
				3EA99E6310649480003C7F18 /* GenSelectListViewController.m */,
				3EA99E6410649480003C7F18 /* ItemCell.h */,
				3EA99E6510649480003C7F18 /* ItemCell.m */,
				3EA99E6610649480003C7F18 /* ItemCell4.h */,
				3EA99E6710649480003C7F18 /* ItemCell4.m */,
				3EA99E6810649480003C7F18 /* ItemListViewController.h */,
				3EA99E6910649480003C7F18 /* ItemListViewController.m */,
				3EA99E6A10649480003C7F18 /* ItemViewController.h */,
				3EA99E6B10649480003C7F18 /* ItemViewController.m */,
				3EA99E6C10649480003C7F18 /* KeywordViewController2.h */,
				3EA99E6D10649480003C7F18 /* KeywordViewController2.m */,
				3EA99E6E10649480003C7F18 /* NumPadViewController.h */,
				3EA99E6F10649480003C7F18 /* NumPadViewController.m */,
				3EA99E7010649480003C7F18 /* ScanViewController.h */,
				3EA99E7110649480003C7F18 /* ScanViewController.m */,
				3EA99E7210649480003C7F18 /* SearchController.h */,
				3EA99E7310649480003C7F18 /* SearchController.m */,
				3EA99E7410649480003C7F18 /* ShelfListViewController.h */,
				3EA99E7510649480003C7F18 /* ShelfListViewController.m */,
				3EA99E7610649480003C7F18 /* StarCell.h */,
				3EA99E7710649480003C7F18 /* StarCell.m */,
				3EA99E7810649480003C7F18 /* WebViewController.h */,
				3EA99E7910649480003C7F18 /* WebViewController.m */,
			);
			path = ui;
			sourceTree = "<group>";
		};
		3EA99DCE10648F2E003C7F18 /* webapi */ = {
			isa = PBXGroup;
			children = (
				3EA99DF010648FAE003C7F18 /* AmazonApi.h */,
				3EA99DF110648FAE003C7F18 /* AmazonApi.m */,
				3EA99DF210648FAE003C7F18 /* dom.h */,
				3EA99DF310648FAE003C7F18 /* dom.m */,
				3EA99DF410648FAE003C7F18 /* KakakuCom.h */,
				3EA99DF510648FAE003C7F18 /* KakakuCom.m */,
				3EA99DF610648FAE003C7F18 /* RakutenApi.h */,
				3EA99DF710648FAE003C7F18 /* RakutenApi.m */,
				3EA99DF810648FAE003C7F18 /* WebApi.h */,
				3EA99DF910648FAE003C7F18 /* WebApi.m */,
				3EA99DFA10648FAE003C7F18 /* Yahoo.h */,
				3EA99DFB10648FAE003C7F18 /* Yahoo.m */,
			);
			path = webapi;
			sourceTree = "<group>";
		};
		3EA99E9D106494F0003C7F18 /* zebra */ = {
			isa = PBXGroup;
			children = (
				3EA99F0D106495B6003C7F18 /* include */,
				3EA99F10106495B6003C7F18 /* zebra */,
			);
			name = zebra;
			path = ../zebra;
			sourceTree = "<group>";
		};
		3EA99EDF10649548003C7F18 /* AdMob */ = {
			isa = PBXGroup;
			children = (
				3EA99EE010649568003C7F18 /* AdMobDelegateProtocol.h */,
				3EA99EE110649568003C7F18 /* AdMobView.h */,
			);
			name = AdMob;
			path = ../AdMob;
			sourceTree = "<group>";
		};
		3EA99F0D106495B6003C7F18 /* include */ = {
			isa = PBXGroup;
			children = (
				3EA99F0E106495B6003C7F18 /* config.h */,
				3EA99F0F106495B6003C7F18 /* zebra.h */,
			);
			path = include;
			sourceTree = "<group>";
		};
		3EA99F10106495B6003C7F18 /* zebra */ = {
			isa = PBXGroup;
			children = (
				3EA99F14106495B6003C7F18 /* decoder */,
				3EA99F2A106495B6003C7F18 /* video */,
				3EA99F30106495B6003C7F18 /* window */,
				3EA99F11106495B6003C7F18 /* config.c */,
				3EA99F12106495B6003C7F18 /* convert.c */,
				3EA99F13106495B6003C7F18 /* debug.h */,
				3EA99F1D106495B6003C7F18 /* decoder.c */,
				3EA99F1E106495B6003C7F18 /* decoder.h */,
				3EA99F1F106495B6003C7F18 /* error.c */,
				3EA99F20106495B6003C7F18 /* error.h */,
				3EA99F21106495B6003C7F18 /* image.c */,
				3EA99F22106495B6003C7F18 /* image.h */,
				3EA99F23106495B6003C7F18 /* img_scanner.c */,
				3EA99F24106495B6003C7F18 /* logo.c */,
				3EA99F25106495B6003C7F18 /* processor.c */,
				3EA99F26106495B6003C7F18 /* processor.h */,
				3EA99F27106495B6003C7F18 /* scanner.c */,
				3EA99F28106495B6003C7F18 /* symbol.c */,
				3EA99F29106495B6003C7F18 /* symbol.h */,
				3EA99F2E106495B6003C7F18 /* video.c */,
				3EA99F2F106495B6003C7F18 /* video.h */,
				3EA99F35106495B6003C7F18 /* window.c */,
				3EA99F36106495B6003C7F18 /* window.h */,
			);
			path = zebra;
			sourceTree = "<group>";
		};
		3EA99F14106495B6003C7F18 /* decoder */ = {
			isa = PBXGroup;
			children = (
				3EA99F15106495B6003C7F18 /* code128.c */,
				3EA99F16106495B6003C7F18 /* code128.h */,
				3EA99F17106495B6003C7F18 /* code39.c */,
				3EA99F18106495B6003C7F18 /* code39.h */,
				3EA99F19106495B6003C7F18 /* ean.c */,
				3EA99F1A106495B6003C7F18 /* ean.h */,
				3EA99F1B106495B6003C7F18 /* i25.c */,
				3EA99F1C106495B6003C7F18 /* i25.h */,
			);
			path = decoder;
			sourceTree = "<group>";
		};
		3EA99F2A106495B6003C7F18 /* video */ = {
			isa = PBXGroup;
			children = (
				3EA99F2B106495B6003C7F18 /* null.c */,
			);
			path = video;
			sourceTree = "<group>";
		};
		3EA99F30106495B6003C7F18 /* window */ = {
			isa = PBXGroup;
			children = (
				3EA99F31106495B6003C7F18 /* null.c */,
			);
			path = window;
			sourceTree = "<group>";
		};
		46C20FD50F256E610053F9B9 /* TargetClasses */ = {
			isa = PBXGroup;
			children = (
				3EA99EDF10649548003C7F18 /* AdMob */,
				3EA99E9D106494F0003C7F18 /* zebra */,
				3EA99E9210649499003C7F18 /* BarcodeReader.h */,
				3EA99E9310649499003C7F18 /* BarcodeReader.m */,
				3EA99E4A10649418003C7F18 /* AppDelegate.h */,
				3EA99E4B10649418003C7F18 /* AppDelegate.m */,
				3EA99DCE10648F2E003C7F18 /* webapi */,
				3EA99DCD10648F0D003C7F18 /* ui */,
				3EA99DCC10648F06003C7F18 /* models */,
				3EA99DB710648EFB003C7F18 /* BackupServer.h */,
				3EA99DB810648EFB003C7F18 /* BackupServer.m */,
				3EA99DBB10648EFB003C7F18 /* Common.h */,
				3EA99DBC10648EFB003C7F18 /* Common.m */,
				3EA99DBD10648EFB003C7F18 /* Edition.h */,
				3EA99DBE10648EFB003C7F18 /* Edition.m */,
				3EA99DBF10648EFB003C7F18 /* HttpClient.h */,
				3EA99DC010648EFB003C7F18 /* HttpClient.m */,
				3EA99DC110648EFB003C7F18 /* TmiWebServer.h */,
				3EA99DC210648EFB003C7F18 /* TmiWebServer.m */,
				3EA99DC310648EFB003C7F18 /* URLComponent.h */,
				3EA99DC410648EFB003C7F18 /* URLComponent.m */,
			);
			name = TargetClasses;
			path = ../Classes;
			sourceTree = "<group>";
		};
		46C20FD60F256E610053F9B9 /* Tests */ = {
			isa = PBXGroup;
			children = (
				3EA932561064989200E96425 /* DataModelTest.m */,
				3EA9324E106497D300E96425 /* ShelfTest.m */,
				3EA99E0C1064904F003C7F18 /* ItemTest.m */,
				3EA99E1210649076003C7F18 /* TestUtility.h */,
				3EA99E0D1064904F003C7F18 /* TestUtility.m */,
			);
			path = Tests;
			sourceTree = "<group>";
		};
		46C6AB3C0F2DBE7E00BA1B73 /* Classes */ = {
			isa = PBXGroup;
			children = (
				46C6AB3D0F2DBE7E00BA1B73 /* TestAppDelegate.h */,
				46C6AB3E0F2DBE7E00BA1B73 /* TestAppDelegate.m */,
				46C6AB3F0F2DBE7E00BA1B73 /* UnitTest */,
			);
			path = Classes;
			sourceTree = "<group>";
		};
		46C6AB3F0F2DBE7E00BA1B73 /* UnitTest */ = {
			isa = PBXGroup;
			children = (
				46C6AB400F2DBE7E00BA1B73 /* ControllerTest */,
				466EDC780F4094DB00D2B9AC /* IUTLog.h */,
				46718C880F38239A00272C9A /* SenTestAssertion.h */,
				466EDC790F4094F900D2B9AC /* GTMSenTestCase.h */,
				466EDC7A0F4094F900D2B9AC /* GTMSenTestCase.m */,
				46C6AB470F2DBE7E00BA1B73 /* IUTAssertion.h */,
				46C6AB480F2DBE7E00BA1B73 /* IUTAssertion.m */,
				46C6AB490F2DBE7E00BA1B73 /* IUTAssertionInfo.h */,
				46C6AB4A0F2DBE7E00BA1B73 /* IUTAssertionInfo.m */,
				46C6AB4B0F2DBE7E00BA1B73 /* IUTDetailViewController.h */,
				46C6AB4C0F2DBE7E00BA1B73 /* IUTDetailViewController.m */,
				46C6AB4D0F2DBE7E00BA1B73 /* IUTResultTableViewCell.h */,
				46C6AB4E0F2DBE7E00BA1B73 /* IUTResultTableViewCell.m */,
				46C6AB4F0F2DBE7E00BA1B73 /* IUTResultTableViewController.h */,
				46C6AB500F2DBE7E00BA1B73 /* IUTResultTableViewController.m */,
				46C6AB510F2DBE7E00BA1B73 /* IUTTest.h */,
				46C6AB520F2DBE7E00BA1B73 /* IUTTest.m */,
				46C6AB530F2DBE7E00BA1B73 /* IUTTestRunner.h */,
				46C6AB540F2DBE7E00BA1B73 /* IUTTestRunner.m */,
				46C6AB550F2DBE7E00BA1B73 /* IUTTestRunnerViewController.h */,
				46C6AB560F2DBE7E00BA1B73 /* IUTTestRunnerViewController.m */,
				4608BDDE0F56FA430011302D /* IUTPreference.h */,
				4608BDDF0F56FA430011302D /* IUTPreference.m */,
				468052AB0FA58ACB003B5A71 /* SourceCodeOpener.h */,
				468052AC0FA58ACB003B5A71 /* SourceCodeOpener.m */,
				469F8E820FBC5A4C004FD86F /* NSExceptionExtension.h */,
				469F8E830FBC5A4C004FD86F /* NSExceptionExtension.m */,
			);
			path = UnitTest;
			sourceTree = "<group>";
		};
		46C6AB400F2DBE7E00BA1B73 /* ControllerTest */ = {
			isa = PBXGroup;
			children = (
				40EA8DF70FEB63FC00BB1F8D /* UIViewBasedTest.h */,
				40EA8DF80FEB63FC00BB1F8D /* UIViewBasedTest.m */,
				40EA8DF50FEB63FC00BB1F8D /* UITableViewBasedTest.h */,
				40EA8DF60FEB63FC00BB1F8D /* UITableViewBasedTest.m */,
				46C6AB410F2DBE7E00BA1B73 /* UINavigationBarBasedTest.h */,
				46C6AB420F2DBE7E00BA1B73 /* UINavigationBarBasedTest.m */,
				46C6AB430F2DBE7E00BA1B73 /* UITabBarAndNavigationBarBasedTest.h */,
				46C6AB440F2DBE7E00BA1B73 /* UITabBarAndNavigationBarBasedTest.m */,
				46C6AB450F2DBE7E00BA1B73 /* UITabBarBasedTest.h */,
				46C6AB460F2DBE7E00BA1B73 /* UITabBarBasedTest.m */,
			);
			path = ControllerTest;
			sourceTree = "<group>";
		};
/* End PBXGroup section */

/* Begin PBXNativeTarget section */
		1D6058900D05DD3D006BFB54 /* ItemShelfTest */ = {
			isa = PBXNativeTarget;
			buildConfigurationList = 1D6058960D05DD3E006BFB54 /* Build configuration list for PBXNativeTarget "ItemShelfTest" */;
			buildPhases = (
				1D60588D0D05DD3D006BFB54 /* Resources */,
				1D60588E0D05DD3D006BFB54 /* Sources */,
				1D60588F0D05DD3D006BFB54 /* Frameworks */,
			);
			buildRules = (
			);
			dependencies = (
			);
			name = ItemShelfTest;
			productName = ItemShelfTest;
			productReference = 1D6058910D05DD3D006BFB54 /* ItemShelfTest.app */;
			productType = "com.apple.product-type.application";
		};
/* End PBXNativeTarget section */

/* Begin PBXProject section */
		29B97313FDCFA39411CA2CEA /* Project object */ = {
			isa = PBXProject;
			buildConfigurationList = C01FCF4E08A954540054247B /* Build configuration list for PBXProject "ItemShelfTest" */;
			compatibilityVersion = "Xcode 3.1";
			hasScannedForEncodings = 1;
			knownRegions = (
				English,
				Japanese,
				French,
				German,
				jp,
			);
			mainGroup = 29B97314FDCFA39411CA2CEA /* CustomTemplate */;
			projectDirPath = "";
			projectRoot = "";
			targets = (
				1D6058900D05DD3D006BFB54 /* ItemShelfTest */,
			);
		};
/* End PBXProject section */

/* Begin PBXResourcesBuildPhase section */
		1D60588D0D05DD3D006BFB54 /* Resources */ = {
			isa = PBXResourcesBuildPhase;
			buildActionMask = 2147483647;
			files = (
				28AD733F0D9D9553002E5188 /* MainWindow.xib in Resources */,
				465B04250F2056FF000E8FE2 /* TestView.xib in Resources */,
				4620593D0F28CB5700857D87 /* DetailView.xib in Resources */,
				46C6ADCA0F2DDFC800BA1B73 /* isd_logo_60x40.png in Resources */,
				466AF4DE0F2F02A3004A649A /* icon.png in Resources */,
				460633950F55AC9000A33C8B /* Settings.bundle in Resources */,
				460633A20F55B5F900A33C8B /* isd_logo_60x40_w.png in Resources */,
				4617B7F00F57B76100D94BF1 /* Default.png in Resources */,
			);
			runOnlyForDeploymentPostprocessing = 0;
		};
/* End PBXResourcesBuildPhase section */

/* Begin PBXSourcesBuildPhase section */
		1D60588E0D05DD3D006BFB54 /* Sources */ = {
			isa = PBXSourcesBuildPhase;
			buildActionMask = 2147483647;
			files = (
				1D60589B0D05DD56006BFB54 /* main.m in Sources */,
				46C6AB570F2DBE7E00BA1B73 /* TestAppDelegate.m in Sources */,
				46C6AB580F2DBE7E00BA1B73 /* UINavigationBarBasedTest.m in Sources */,
				46C6AB590F2DBE7E00BA1B73 /* UITabBarAndNavigationBarBasedTest.m in Sources */,
				46C6AB5A0F2DBE7E00BA1B73 /* UITabBarBasedTest.m in Sources */,
				46C6AB5B0F2DBE7E00BA1B73 /* IUTAssertion.m in Sources */,
				46C6AB5C0F2DBE7E00BA1B73 /* IUTAssertionInfo.m in Sources */,
				46C6AB5D0F2DBE7E00BA1B73 /* IUTDetailViewController.m in Sources */,
				46C6AB5E0F2DBE7E00BA1B73 /* IUTResultTableViewCell.m in Sources */,
				46C6AB5F0F2DBE7E00BA1B73 /* IUTResultTableViewController.m in Sources */,
				46C6AB600F2DBE7E00BA1B73 /* IUTTest.m in Sources */,
				46C6AB610F2DBE7E00BA1B73 /* IUTTestRunner.m in Sources */,
				46C6AB620F2DBE7E00BA1B73 /* IUTTestRunnerViewController.m in Sources */,
				466EDC7B0F4094F900D2B9AC /* GTMSenTestCase.m in Sources */,
				4608BDE00F56FA430011302D /* IUTPreference.m in Sources */,
				468052AD0FA58ACB003B5A71 /* SourceCodeOpener.m in Sources */,
				469F8E840FBC5A4C004FD86F /* NSExceptionExtension.m in Sources */,
				40EA8DF90FEB63FC00BB1F8D /* UITableViewBasedTest.m in Sources */,
				40EA8DFA0FEB63FC00BB1F8D /* UIViewBasedTest.m in Sources */,
				3EA99DC510648EFB003C7F18 /* BackupServer.m in Sources */,
				3EA99DC710648EFB003C7F18 /* Common.m in Sources */,
				3EA99DC810648EFB003C7F18 /* Edition.m in Sources */,
				3EA99DC910648EFB003C7F18 /* HttpClient.m in Sources */,
				3EA99DCA10648EFB003C7F18 /* TmiWebServer.m in Sources */,
				3EA99DCB10648EFB003C7F18 /* URLComponent.m in Sources */,
				3EA99DE010648F57003C7F18 /* Database.m in Sources */,
				3EA99DE110648F57003C7F18 /* DataModel.m in Sources */,
				3EA99DE210648F57003C7F18 /* DateFormatter2.m in Sources */,
				3EA99DE310648F57003C7F18 /* Item.m in Sources */,
				3EA99DE410648F57003C7F18 /* ItemListModel.m in Sources */,
				3EA99DE510648F57003C7F18 /* Shelf.m in Sources */,
				3EA99DE610648F57003C7F18 /* SmartShelf.m in Sources */,
				3EA99DE710648F57003C7F18 /* StringArray.m in Sources */,
				3EA99DFC10648FAE003C7F18 /* AmazonApi.m in Sources */,
				3EA99DFD10648FAE003C7F18 /* dom.m in Sources */,
				3EA99DFE10648FAE003C7F18 /* KakakuCom.m in Sources */,
				3EA99DFF10648FAE003C7F18 /* RakutenApi.m in Sources */,
				3EA99E0010648FAE003C7F18 /* WebApi.m in Sources */,
				3EA99E0110648FAE003C7F18 /* Yahoo.m in Sources */,
				3EA99E0E1064904F003C7F18 /* ItemTest.m in Sources */,
				3EA99E0F1064904F003C7F18 /* TestUtility.m in Sources */,
				3EA99E4C10649418003C7F18 /* AppDelegate.m in Sources */,
				3EA99E7A10649480003C7F18 /* AboutViewController.m in Sources */,
				3EA99E7B10649480003C7F18 /* AdCell.m in Sources */,
				3EA99E7C10649480003C7F18 /* BarcodeScannerController.m in Sources */,
				3EA99E7D10649480003C7F18 /* ConfigViewController.m in Sources */,
				3EA99E7E10649480003C7F18 /* EditMemoVC.m in Sources */,
				3EA99E7F10649480003C7F18 /* EditShelfViewController.m in Sources */,
				3EA99E8110649480003C7F18 /* EditStarViewController.m in Sources */,
				3EA99E8210649480003C7F18 /* EditTagsViewController.m in Sources */,
				3EA99E8310649480003C7F18 /* GenEditTextViewController.m in Sources */,
				3EA99E8410649480003C7F18 /* GenSelectListViewController.m in Sources */,
				3EA99E8510649480003C7F18 /* ItemCell.m in Sources */,
				3EA99E8610649480003C7F18 /* ItemCell4.m in Sources */,
				3EA99E8710649480003C7F18 /* ItemListViewController.m in Sources */,
				3EA99E8810649480003C7F18 /* ItemViewController.m in Sources */,
				3EA99E8910649480003C7F18 /* KeywordViewController2.m in Sources */,
				3EA99E8A10649480003C7F18 /* NumPadViewController.m in Sources */,
				3EA99E8B10649480003C7F18 /* ScanViewController.m in Sources */,
				3EA99E8C10649480003C7F18 /* SearchController.m in Sources */,
				3EA99E8D10649480003C7F18 /* ShelfListViewController.m in Sources */,
				3EA99E8E10649480003C7F18 /* StarCell.m in Sources */,
				3EA99E8F10649480003C7F18 /* WebViewController.m in Sources */,
				3EA99E9410649499003C7F18 /* BarcodeReader.m in Sources */,
				3EA99F37106495B6003C7F18 /* config.c in Sources */,
				3EA99F38106495B6003C7F18 /* convert.c in Sources */,
				3EA99F39106495B6003C7F18 /* code128.c in Sources */,
				3EA99F3A106495B6003C7F18 /* code39.c in Sources */,
				3EA99F3B106495B6003C7F18 /* ean.c in Sources */,
				3EA99F3C106495B6003C7F18 /* i25.c in Sources */,
				3EA99F3D106495B6003C7F18 /* decoder.c in Sources */,
				3EA99F3E106495B6003C7F18 /* error.c in Sources */,
				3EA99F3F106495B6003C7F18 /* image.c in Sources */,
				3EA99F40106495B6003C7F18 /* img_scanner.c in Sources */,
				3EA99F41106495B6003C7F18 /* logo.c in Sources */,
				3EA99F42106495B6003C7F18 /* processor.c in Sources */,
				3EA99F43106495B6003C7F18 /* scanner.c in Sources */,
				3EA99F44106495B6003C7F18 /* symbol.c in Sources */,
				3EA99F45106495B6003C7F18 /* null.c in Sources */,
				3EA99F48106495B6003C7F18 /* video.c in Sources */,
				3EA99F49106495B6003C7F18 /* null.c in Sources */,
				3EA99F4D106495B6003C7F18 /* window.c in Sources */,
				3EA9324F106497D300E96425 /* ShelfTest.m in Sources */,
				3EA932571064989200E96425 /* DataModelTest.m in Sources */,
			);
			runOnlyForDeploymentPostprocessing = 0;
		};
/* End PBXSourcesBuildPhase section */

/* Begin XCBuildConfiguration section */
		1D6058940D05DD3E006BFB54 /* Debug */ = {
			isa = XCBuildConfiguration;
			buildSettings = {
				ALWAYS_SEARCH_USER_PATHS = NO;
				CODE_SIGN_IDENTITY = "";
				"CODE_SIGN_IDENTITY[sdk=iphoneos*]" = "Don't Code Sign";
				COPY_PHASE_STRIP = NO;
				GCC_DYNAMIC_NO_PIC = NO;
				GCC_OPTIMIZATION_LEVEL = 0;
				GCC_PRECOMPILE_PREFIX_HEADER = YES;
				GCC_PREFIX_HEADER = iUnitTest_Prefix.pch;
				HEADER_SEARCH_PATHS = (
					../zebra/zebra,
					../zebra/include,
				);
				INFOPLIST_FILE = Info.plist;
				LIBRARY_SEARCH_PATHS = (
					"$(inherited)",
					"\"$(SRCROOT)/../AdMob\"",
				);
				OTHER_CFLAGS = "";
				OTHER_LDFLAGS = "";
				PRODUCT_NAME = ItemShelfTest;
				SDKROOT = iphonesimulator3.1;
			};
			name = Debug;
		};
		1D6058950D05DD3E006BFB54 /* Release */ = {
			isa = XCBuildConfiguration;
			buildSettings = {
				ALWAYS_SEARCH_USER_PATHS = NO;
				"CODE_SIGN_IDENTITY[sdk=iphoneos*]" = "Don't Code Sign";
				COPY_PHASE_STRIP = YES;
				GCC_PRECOMPILE_PREFIX_HEADER = YES;
				GCC_PREFIX_HEADER = iUnitTest_Prefix.pch;
				HEADER_SEARCH_PATHS = (
					../zebra/zebra,
					../zebra/include,
				);
				INFOPLIST_FILE = Info.plist;
				LIBRARY_SEARCH_PATHS = (
					"$(inherited)",
					"\"$(SRCROOT)/../AdMob\"",
				);
				OTHER_CFLAGS = "";
				PRODUCT_NAME = ItemShelfTest;
				"PROVISIONING_PROFILE[sdk=iphoneos*]" = "015FD9E7-03D2-482E-8BF0-526AFEFF0A8C";
				SDKROOT = iphonesimulator3.1;
			};
			name = Release;
		};
		C01FCF4F08A954540054247B /* Debug */ = {
			isa = XCBuildConfiguration;
			buildSettings = {
				ARCHS = "$(ARCHS_STANDARD_32_BIT)";
				"CODE_SIGN_IDENTITY[sdk=iphoneos*]" = "iPhone Developer";
				GCC_C_LANGUAGE_STANDARD = c99;
				GCC_WARN_ABOUT_RETURN_TYPE = YES;
				GCC_WARN_UNUSED_VARIABLE = YES;
				ONLY_ACTIVE_ARCH = YES;
				PREBINDING = NO;
				SDKROOT = iphonesimulator3.1;
			};
			name = Debug;
		};
		C01FCF5008A954540054247B /* Release */ = {
			isa = XCBuildConfiguration;
			buildSettings = {
				ARCHS = "$(ARCHS_STANDARD_32_BIT)";
				"CODE_SIGN_IDENTITY[sdk=iphoneos*]" = "iPhone Developer";
				GCC_C_LANGUAGE_STANDARD = c99;
				GCC_WARN_ABOUT_RETURN_TYPE = YES;
				GCC_WARN_UNUSED_VARIABLE = YES;
				PREBINDING = NO;
				SDKROOT = iphonesimulator3.1;
			};
			name = Release;
		};
/* End XCBuildConfiguration section */

/* Begin XCConfigurationList section */
		1D6058960D05DD3E006BFB54 /* Build configuration list for PBXNativeTarget "ItemShelfTest" */ = {
			isa = XCConfigurationList;
			buildConfigurations = (
				1D6058940D05DD3E006BFB54 /* Debug */,
				1D6058950D05DD3E006BFB54 /* Release */,
			);
			defaultConfigurationIsVisible = 0;
			defaultConfigurationName = Release;
		};
		C01FCF4E08A954540054247B /* Build configuration list for PBXProject "ItemShelfTest" */ = {
			isa = XCConfigurationList;
			buildConfigurations = (
				C01FCF4F08A954540054247B /* Debug */,
				C01FCF5008A954540054247B /* Release */,
			);
			defaultConfigurationIsVisible = 0;
			defaultConfigurationName = Release;
		};
/* End XCConfigurationList section */
	};
	rootObject = 29B97313FDCFA39411CA2CEA /* Project object */;
}
